
Microsoft Visual Studio Solution File, Format Version 12.00
# Visual Studio Version 17
VisualStudioVersion = 17.12.35707.178
MinimumVisualStudioVersion = 10.0.40219.1
Project("{FAE04EC0-301F-11D3-BF4B-00C04F79EFBC}") = "SimchaFund.Web", "SimchaFund.Web\SimchaFund.Web.csproj", "{2AB8140A-C2FE-4F93-9972-AC2D7EB81DEF}"
EndProject
Project("{FAE04EC0-301F-11D3-BF4B-00C04F79EFBC}") = "SimchaFund.Data", "SimchaFund.Data\SimchaFund.Data.csproj", "{76E5B65B-8760-4DA5-B1DE-B9314A322C59}"
EndProject
Global
	GlobalSection(SolutionConfigurationPlatforms) = preSolution
		Debug|Any CPU = Debug|Any CPU
		Release|Any CPU = Release|Any CPU
	EndGlobalSection
	GlobalSection(ProjectConfigurationPlatforms) = postSolution
		{2AB8140A-C2FE-4F93-9972-AC2D7EB81DEF}.Debug|Any CPU.ActiveCfg = Debug|Any CPU
		{2AB8140A-C2FE-4F93-9972-AC2D7EB81DEF}.Debug|Any CPU.Build.0 = Debug|Any CPU
		{2AB8140A-C2FE-4F93-9972-AC2D7EB81DEF}.Release|Any CPU.ActiveCfg = Release|Any CPU
		{2AB8140A-C2FE-4F93-9972-AC2D7EB81DEF}.Release|Any CPU.Build.0 = Release|Any CPU
		{76E5B65B-8760-4DA5-B1DE-B9314A322C59}.Debug|Any CPU.ActiveCfg = Debug|Any CPU
		{76E5B65B-8760-4DA5-B1DE-B9314A322C59}.Debug|Any CPU.Build.0 = Debug|Any CPU
		{76E5B65B-8760-4DA5-B1DE-B9314A322C59}.Release|Any CPU.ActiveCfg = Release|Any CPU
		{76E5B65B-8760-4DA5-B1DE-B9314A322C59}.Release|Any CPU.Build.0 = Release|Any CPU
	EndGlobalSection
	GlobalSection(SolutionProperties) = preSolution
		HideSolutionNode = FALSE
	EndGlobalSection
EndGlobal
